# Pinned Spyre RPM package names, one per line.
# Lines starting with # are ignored.
# Specify exact versions to pin (e.g. ibm-deeptools-1.2.3-1.el8).
# The cache key is derived from this file's hash. Changing any entry
# invalidates the GHA RPM cache and triggers a fresh download.
#
ibm-aiu-toolbox-e2e-2.0.0-0.main.1+27.4f08606_57.el10
ibm-deeptools-2.0.0-0.main.1+1520.0799224_216.el10
ibm-deeptools-devel-2.0.0-0.main.1+1520.0799224_216.el10
ibm-flex-2.0.0-0.main.1+407.ffa2b69_185.el10
ibm-flex-devel-2.0.0-0.main.1+407.ffa2b69_185.el10
ibm-senlib-core-2.0.0-0.main.1+204.1fbc15c_140.el10
ibm-senlib-dd2-2.0.0-0.main.1+204.1fbc15c_140.el10
ibm-senlib-headers-2.0.0-0.main.1+204.1fbc15c_140.el10
ibm-spyre-comms-1.0.0-0.main.1+87.0377cba_78.el10
ibm-spyre-comms-devel-1.0.0-0.main.1+87.0377cba_78.el10
ibm-spyre-comms-test-1.0.0-0.main.1+87.0377cba_78.el10
