# Pinned Spyre RPM package names, one per line.
# Lines starting with # are ignored.
# Specify exact versions to pin (e.g. ibm-deeptools-1.2.3-1.el8).
# The cache key is derived from this file's hash. Changing any entry
# invalidates the GHA RPM cache and triggers a fresh download.
#
ibm-aiu-toolbox-e2e-2.0.0-0.main.28+28.47d9b916.f1d4dc0eab18.47d9b91.el10
ibm-deeptools-2.0.0-0.master.2324+2324.4cfac4ce.5f641617334a.4cfac4c.el10
ibm-deeptools-devel-2.0.0-0.master.2324+2324.4cfac4ce.5f641617334a.4cfac4c.el10
ibm-flex-2.0.0-0.main.495+495.a86bb35a.3a6b688cc40a.a86bb35.el10
ibm-flex-devel-2.0.0-0.main.495+495.a86bb35a.3a6b688cc40a.a86bb35.el10
ibm-libaiupti-2.0.0-0.main.21+21.bd7054db.bf35b9e135a1.bd7054d.el10
ibm-senlib-core-2.0.0-0.main.1+244.de8291a_214.a0b4454558ca.el10
ibm-senlib-dd2-2.0.0-0.main.1+244.de8291a_214.a0b4454558ca.el10
ibm-senlib-headers-2.0.0-0.main.1+244.de8291a_214.a0b4454558ca.el10
ibm-spyre-comms-1.0.0-0.main.124+124.3523cdef.99a830de81bb.3523cde.el10
ibm-spyre-comms-devel-1.0.0-0.main.124+124.3523cdef.99a830de81bb.3523cde.el10
